
Microsoft Visual Studio Solution File, Format Version 12.00
# Visual Studio 15
VisualStudioVersion = 15.0.28307.645
MinimumVisualStudioVersion = 10.0.40219.1
Project("{FAE04EC0-301F-11D3-BF4B-00C04F79EFBC}") = "numberbaseball", "numberbaseball\numberbaseball.csproj", "{5D41F7BB-8EAF-4419-897B-DCB47D91F6C1}"
EndProject
Global
	GlobalSection(SolutionConfigurationPlatforms) = preSolution
		Debug|Any CPU = Debug|Any CPU
		Release|Any CPU = Release|Any CPU
	EndGlobalSection
	GlobalSection(ProjectConfigurationPlatforms) = postSolution
		{5D41F7BB-8EAF-4419-897B-DCB47D91F6C1}.Debug|Any CPU.ActiveCfg = Debug|Any CPU
		{5D41F7BB-8EAF-4419-897B-DCB47D91F6C1}.Debug|Any CPU.Build.0 = Debug|Any CPU
		{5D41F7BB-8EAF-4419-897B-DCB47D91F6C1}.Release|Any CPU.ActiveCfg = Release|Any CPU
		{5D41F7BB-8EAF-4419-897B-DCB47D91F6C1}.Release|Any CPU.Build.0 = Release|Any CPU
	EndGlobalSection
	GlobalSection(SolutionProperties) = preSolution
		HideSolutionNode = FALSE
	EndGlobalSection
	GlobalSection(ExtensibilityGlobals) = postSolution
		SolutionGuid = {1A575D9D-7135-4D5C-A7C7-B1474ECF78A9}
	EndGlobalSection
EndGlobal
